{
  "name": "format-oc-docs",
  "version": "1.0.0",
  "lockfileVersion": 1,
  "requires": true,
  "dependencies": {
    "docs-oc": {
      "version": "0.0.1",
      "resolved": "https://registry.npmjs.org/docs-oc/-/docs-oc-0.0.1.tgz",
      "integrity": "sha512-NSdIsiv0Sap4ukBfFC1dycXRIw0155ydxYRkijxSGYlfVLyYrdLR9x28a3ftbo3PTxKe77juzqtJutie7QCH3A==",
      "dev": true
    }
  }
}
